
Microsoft Visual Studio Solution File, Format Version 12.00
# Visual Studio Version 17
VisualStudioVersion = 17.8.34408.163
MinimumVisualStudioVersion = 10.0.40219.1
Project("{FAE04EC0-301F-11D3-BF4B-00C04F79EFBC}") = "GuidGenerator", "GuidGenerator\GuidGenerator.csproj", "{69B3F4D5-BD65-4319-B94A-081483668BEC}"
EndProject
Global
	GlobalSection(SolutionConfigurationPlatforms) = preSolution
		Debug|Any CPU = Debug|Any CPU
		Release|Any CPU = Release|Any CPU
	EndGlobalSection
	GlobalSection(ProjectConfigurationPlatforms) = postSolution
		{69B3F4D5-BD65-4319-B94A-081483668BEC}.Debug|Any CPU.ActiveCfg = Debug|Any CPU
		{69B3F4D5-BD65-4319-B94A-081483668BEC}.Debug|Any CPU.Build.0 = Debug|Any CPU
		{69B3F4D5-BD65-4319-B94A-081483668BEC}.Release|Any CPU.ActiveCfg = Release|Any CPU
		{69B3F4D5-BD65-4319-B94A-081483668BEC}.Release|Any CPU.Build.0 = Release|Any CPU
	EndGlobalSection
	GlobalSection(SolutionProperties) = preSolution
		HideSolutionNode = FALSE
	EndGlobalSection
	GlobalSection(ExtensibilityGlobals) = postSolution
		SolutionGuid = {29690D84-27EC-479D-8947-11995D97C9EE}
	EndGlobalSection
EndGlobal
